
Microsoft Visual Studio Solution File, Format Version 12.00
# Visual Studio Version 17
VisualStudioVersion = 17.14.37411.7
MinimumVisualStudioVersion = 10.0.40219.1
Project("{FAE04EC0-301F-11D3-BF4B-00C04F79EFBC}") = "01_MainSubjects", "01_MainSubjects\01_MainSubjects.csproj", "{0D4FCDBF-C16F-4224-9BA0-102CF16258FF}"
EndProject
Project("{FAE04EC0-301F-11D3-BF4B-00C04F79EFBC}") = "02_Variables", "02_Variables\02_Variables.csproj", "{24F09A46-C52B-4525-AF32-523076144090}"
EndProject
Project("{FAE04EC0-301F-11D3-BF4B-00C04F79EFBC}") = "03_MakingDecisions", "03_MakingDecisions\03_MakingDecisions.csproj", "{22C8ABB2-9C89-4F4E-91B4-BF6947785025}"
EndProject
Project("{FAE04EC0-301F-11D3-BF4B-00C04F79EFBC}") = "04_Loops", "04_Loops\04_Loops.csproj", "{1CD2F218-1519-418A-A852-748B0E4A2EF0}"
EndProject
Project("{FAE04EC0-301F-11D3-BF4B-00C04F79EFBC}") = "05_LoopswithStars", "05_LoopswithStars\05_LoopswithStars.csproj", "{8A8505F9-F2D0-4E8C-8ADF-2AC78417E0CC}"
EndProject
Project("{FAE04EC0-301F-11D3-BF4B-00C04F79EFBC}") = "06_Arrays", "06_Arrays\06_Arrays.csproj", "{9ABBBA00-D824-4AF8-9CF2-6A20CCEE1D8D}"
EndProject
Project("{FAE04EC0-301F-11D3-BF4B-00C04F79EFBC}") = "07_ForEachLoop", "07_ForEachLoop\07_ForEachLoop.csproj", "{B2839D50-FCA7-45A7-8BB9-AFD89FDF56F5}"
EndProject
Global
	GlobalSection(SolutionConfigurationPlatforms) = preSolution
		Debug|Any CPU = Debug|Any CPU
		Release|Any CPU = Release|Any CPU
	EndGlobalSection
	GlobalSection(ProjectConfigurationPlatforms) = postSolution
		{0D4FCDBF-C16F-4224-9BA0-102CF16258FF}.Debug|Any CPU.ActiveCfg = Debug|Any CPU
		{0D4FCDBF-C16F-4224-9BA0-102CF16258FF}.Debug|Any CPU.Build.0 = Debug|Any CPU
		{0D4FCDBF-C16F-4224-9BA0-102CF16258FF}.Release|Any CPU.ActiveCfg = Release|Any CPU
		{0D4FCDBF-C16F-4224-9BA0-102CF16258FF}.Release|Any CPU.Build.0 = Release|Any CPU
		{24F09A46-C52B-4525-AF32-523076144090}.Debug|Any CPU.ActiveCfg = Debug|Any CPU
		{24F09A46-C52B-4525-AF32-523076144090}.Debug|Any CPU.Build.0 = Debug|Any CPU
		{24F09A46-C52B-4525-AF32-523076144090}.Release|Any CPU.ActiveCfg = Release|Any CPU
		{24F09A46-C52B-4525-AF32-523076144090}.Release|Any CPU.Build.0 = Release|Any CPU
		{22C8ABB2-9C89-4F4E-91B4-BF6947785025}.Debug|Any CPU.ActiveCfg = Debug|Any CPU
		{22C8ABB2-9C89-4F4E-91B4-BF6947785025}.Debug|Any CPU.Build.0 = Debug|Any CPU
		{22C8ABB2-9C89-4F4E-91B4-BF6947785025}.Release|Any CPU.ActiveCfg = Release|Any CPU
		{22C8ABB2-9C89-4F4E-91B4-BF6947785025}.Release|Any CPU.Build.0 = Release|Any CPU
		{1CD2F218-1519-418A-A852-748B0E4A2EF0}.Debug|Any CPU.ActiveCfg = Debug|Any CPU
		{1CD2F218-1519-418A-A852-748B0E4A2EF0}.Debug|Any CPU.Build.0 = Debug|Any CPU
		{1CD2F218-1519-418A-A852-748B0E4A2EF0}.Release|Any CPU.ActiveCfg = Release|Any CPU
		{1CD2F218-1519-418A-A852-748B0E4A2EF0}.Release|Any CPU.Build.0 = Release|Any CPU
		{8A8505F9-F2D0-4E8C-8ADF-2AC78417E0CC}.Debug|Any CPU.ActiveCfg = Debug|Any CPU
		{8A8505F9-F2D0-4E8C-8ADF-2AC78417E0CC}.Debug|Any CPU.Build.0 = Debug|Any CPU
		{8A8505F9-F2D0-4E8C-8ADF-2AC78417E0CC}.Release|Any CPU.ActiveCfg = Release|Any CPU
		{8A8505F9-F2D0-4E8C-8ADF-2AC78417E0CC}.Release|Any CPU.Build.0 = Release|Any CPU
		{9ABBBA00-D824-4AF8-9CF2-6A20CCEE1D8D}.Debug|Any CPU.ActiveCfg = Debug|Any CPU
		{9ABBBA00-D824-4AF8-9CF2-6A20CCEE1D8D}.Debug|Any CPU.Build.0 = Debug|Any CPU
		{9ABBBA00-D824-4AF8-9CF2-6A20CCEE1D8D}.Release|Any CPU.ActiveCfg = Release|Any CPU
		{9ABBBA00-D824-4AF8-9CF2-6A20CCEE1D8D}.Release|Any CPU.Build.0 = Release|Any CPU
		{B2839D50-FCA7-45A7-8BB9-AFD89FDF56F5}.Debug|Any CPU.ActiveCfg = Debug|Any CPU
		{B2839D50-FCA7-45A7-8BB9-AFD89FDF56F5}.Debug|Any CPU.Build.0 = Debug|Any CPU
		{B2839D50-FCA7-45A7-8BB9-AFD89FDF56F5}.Release|Any CPU.ActiveCfg = Release|Any CPU
		{B2839D50-FCA7-45A7-8BB9-AFD89FDF56F5}.Release|Any CPU.Build.0 = Release|Any CPU
	EndGlobalSection
	GlobalSection(SolutionProperties) = preSolution
		HideSolutionNode = FALSE
	EndGlobalSection
	GlobalSection(ExtensibilityGlobals) = postSolution
		SolutionGuid = {33FE8312-6CB8-4646-84A1-247F51C51DE6}
	EndGlobalSection
EndGlobal
